{
  "nodes": {
    "home-manager": {
      "inputs": {
        "nixpkgs": [
          "nixpkgs"
        ],
        "utils": "utils"
      },
      "locked": {
        "lastModified": 1668332334,
        "narHash": "sha256-YT1qcE/MCqBO1Bi/Yr6GcFpNKsvmzrBKh8juyXDbxQc=",
        "owner": "nix-community",
        "repo": "home-manager",
        "rev": "bc90de24d898655542589237cc0a6ada7564cb6c",
        "type": "github"
      },
      "original": {
        "owner": "nix-community",
        "repo": "home-manager",
        "type": "github"
      }
    },
    "hyprland": {
      "inputs": {
        "nixpkgs": [
          "nixpkgs"
        ],
        "wlroots": "wlroots"
      },
      "locked": {
        "lastModified": 1668803715,
        "narHash": "sha256-mZSsFXG8dXjbAMtNsU22l2zNrb2y2lbUd5uwFFu/xBg=",
        "owner": "hyprwm",
        "repo": "Hyprland",
        "rev": "250d61e0b3e23ed7088dd7a309b3a5b3a2d6577c",
        "type": "github"
      },
      "original": {
        "owner": "hyprwm",
        "repo": "Hyprland",
        "type": "github"
      }
    },
    "hyprpaper": {
      "inputs": {
        "nixpkgs": [
          "nixpkgs"
        ]
      },
      "locked": {
        "lastModified": 1667775402,
        "narHash": "sha256-+k/21qDW+RKBKFKkjRmntWemJR8/5bZyyoDTKr/emCU=",
        "owner": "hyprwm",
        "repo": "hyprpaper",
        "rev": "6d3a15f33cedaa8f01b0f96c8d2a1f8de24bbb33",
        "type": "github"
      },
      "original": {
        "owner": "hyprwm",
        "repo": "hyprpaper",
        "type": "github"
      }
    },
    "nix-gaming": {
      "inputs": {
        "nixpkgs": [
          "nixpkgs"
        ]
      },
      "locked": {
        "lastModified": 1667666664,
        "narHash": "sha256-MKtN2/8E22SGRf8wroj3qYvhQEBVcsZJjYeX9eu+bt0=",
        "owner": "fufexan",
        "repo": "nix-gaming",
        "rev": "cc8ece45d1987d5187e2528b59f9136f6aa8f465",
        "type": "github"
      },
      "original": {
        "owner": "fufexan",
        "repo": "nix-gaming",
        "type": "github"
      }
    },
    "nixpkgs": {
      "locked": {
        "lastModified": 1668326430,
        "narHash": "sha256-fJEsHe+lzFf3qcQVTTdK9jqRtUUVXH71tdfgjcKJNpA=",
        "owner": "nixos",
        "repo": "nixpkgs",
        "rev": "fc07622617a373a742ed96d4dd536849d4bc1ec6",
        "type": "github"
      },
      "original": {
        "owner": "nixos",
        "ref": "nixos-unstable",
        "repo": "nixpkgs",
        "type": "github"
      }
    },
    "nur": {
      "locked": {
        "lastModified": 1668439646,
        "narHash": "sha256-6ImukgwTQXvJWxkk3vvlsswWI16hZbdaOxx+49rlDkg=",
        "owner": "nix-community",
        "repo": "NUR",
        "rev": "437d04eb2226617399797449a5bbf847d3324240",
        "type": "github"
      },
      "original": {
        "owner": "nix-community",
        "repo": "NUR",
        "type": "github"
      }
    },
    "root": {
      "inputs": {
        "home-manager": "home-manager",
        "hyprland": "hyprland",
        "hyprpaper": "hyprpaper",
        "nix-gaming": "nix-gaming",
        "nixpkgs": "nixpkgs",
        "nur": "nur"
      }
    },
    "utils": {
      "locked": {
        "lastModified": 1667395993,
        "narHash": "sha256-nuEHfE/LcWyuSWnS8t12N1wc105Qtau+/OdUAjtQ0rA=",
        "owner": "numtide",
        "repo": "flake-utils",
        "rev": "5aed5285a952e0b949eb3ba02c12fa4fcfef535f",
        "type": "github"
      },
      "original": {
        "owner": "numtide",
        "repo": "flake-utils",
        "type": "github"
      }
    },
    "wlroots": {
      "flake": false,
      "locked": {
        "host": "gitlab.freedesktop.org",
        "lastModified": 1668292512,
        "narHash": "sha256-lCMnIguyZgAGq7W2IwIVPoQS8fAfZ/XFwz/1TQ53eI8=",
        "owner": "wlroots",
        "repo": "wlroots",
        "rev": "627a5c511278e67c3c308cdc6a639cbb490f48c3",
        "type": "gitlab"
      },
      "original": {
        "host": "gitlab.freedesktop.org",
        "owner": "wlroots",
        "repo": "wlroots",
        "type": "gitlab"
      }
    }
  },
  "root": "root",
  "version": 7
}
